
Microsoft Visual Studio Solution File, Format Version 12.00
# Visual Studio Version 16
VisualStudioVersion = 16.0.29519.87
MinimumVisualStudioVersion = 10.0.40219.1
Project("{FAE04EC0-301F-11D3-BF4B-00C04F79EFBC}") = "PingApp.Android", "PingApp\PingApp.Android\PingApp.Android.csproj", "{8875910E-6640-493B-ADE2-9690C7F1BA70}"
EndProject
Project("{FAE04EC0-301F-11D3-BF4B-00C04F79EFBC}") = "PingApp.iOS", "PingApp\PingApp.iOS\PingApp.iOS.csproj", "{86B0EE48-2AF6-40BD-899B-03E19F835BA6}"
EndProject
Project("{FAE04EC0-301F-11D3-BF4B-00C04F79EFBC}") = "PingApp", "PingApp\PingApp\PingApp.csproj", "{3788418E-68A2-4FE9-95F4-D3BDADB2670C}"
EndProject
Global
	GlobalSection(SolutionConfigurationPlatforms) = preSolution
		Debug|Any CPU = Debug|Any CPU
		Debug|iPhone = Debug|iPhone
		Debug|iPhoneSimulator = Debug|iPhoneSimulator
		Release|Any CPU = Release|Any CPU
		Release|iPhone = Release|iPhone
		Release|iPhoneSimulator = Release|iPhoneSimulator
	EndGlobalSection
	GlobalSection(ProjectConfigurationPlatforms) = postSolution
		{8875910E-6640-493B-ADE2-9690C7F1BA70}.Debug|Any CPU.ActiveCfg = Debug|Any CPU
		{8875910E-6640-493B-ADE2-9690C7F1BA70}.Debug|Any CPU.Build.0 = Debug|Any CPU
		{8875910E-6640-493B-ADE2-9690C7F1BA70}.Debug|Any CPU.Deploy.0 = Debug|Any CPU
		{8875910E-6640-493B-ADE2-9690C7F1BA70}.Debug|iPhone.ActiveCfg = Debug|Any CPU
		{8875910E-6640-493B-ADE2-9690C7F1BA70}.Debug|iPhone.Build.0 = Debug|Any CPU
		{8875910E-6640-493B-ADE2-9690C7F1BA70}.Debug|iPhone.Deploy.0 = Debug|Any CPU
		{8875910E-6640-493B-ADE2-9690C7F1BA70}.Debug|iPhoneSimulator.ActiveCfg = Debug|Any CPU
		{8875910E-6640-493B-ADE2-9690C7F1BA70}.Debug|iPhoneSimulator.Build.0 = Debug|Any CPU
		{8875910E-6640-493B-ADE2-9690C7F1BA70}.Debug|iPhoneSimulator.Deploy.0 = Debug|Any CPU
		{8875910E-6640-493B-ADE2-9690C7F1BA70}.Release|Any CPU.ActiveCfg = Release|Any CPU
		{8875910E-6640-493B-ADE2-9690C7F1BA70}.Release|Any CPU.Build.0 = Release|Any CPU
		{8875910E-6640-493B-ADE2-9690C7F1BA70}.Release|Any CPU.Deploy.0 = Release|Any CPU
		{8875910E-6640-493B-ADE2-9690C7F1BA70}.Release|iPhone.ActiveCfg = Release|Any CPU
		{8875910E-6640-493B-ADE2-9690C7F1BA70}.Release|iPhone.Build.0 = Release|Any CPU
		{8875910E-6640-493B-ADE2-9690C7F1BA70}.Release|iPhone.Deploy.0 = Release|Any CPU
		{8875910E-6640-493B-ADE2-9690C7F1BA70}.Release|iPhoneSimulator.ActiveCfg = Release|Any CPU
		{8875910E-6640-493B-ADE2-9690C7F1BA70}.Release|iPhoneSimulator.Build.0 = Release|Any CPU
		{8875910E-6640-493B-ADE2-9690C7F1BA70}.Release|iPhoneSimulator.Deploy.0 = Release|Any CPU
		{86B0EE48-2AF6-40BD-899B-03E19F835BA6}.Debug|Any CPU.ActiveCfg = Debug|iPhoneSimulator
		{86B0EE48-2AF6-40BD-899B-03E19F835BA6}.Debug|Any CPU.Build.0 = Debug|iPhoneSimulator
		{86B0EE48-2AF6-40BD-899B-03E19F835BA6}.Debug|Any CPU.Deploy.0 = Debug|iPhoneSimulator
		{86B0EE48-2AF6-40BD-899B-03E19F835BA6}.Debug|iPhone.ActiveCfg = Debug|iPhone
		{86B0EE48-2AF6-40BD-899B-03E19F835BA6}.Debug|iPhone.Build.0 = Debug|iPhone
		{86B0EE48-2AF6-40BD-899B-03E19F835BA6}.Debug|iPhone.Deploy.0 = Debug|iPhone
		{86B0EE48-2AF6-40BD-899B-03E19F835BA6}.Debug|iPhoneSimulator.ActiveCfg = Debug|iPhoneSimulator
		{86B0EE48-2AF6-40BD-899B-03E19F835BA6}.Debug|iPhoneSimulator.Build.0 = Debug|iPhoneSimulator
		{86B0EE48-2AF6-40BD-899B-03E19F835BA6}.Debug|iPhoneSimulator.Deploy.0 = Debug|iPhoneSimulator
		{86B0EE48-2AF6-40BD-899B-03E19F835BA6}.Release|Any CPU.ActiveCfg = Release|iPhone
		{86B0EE48-2AF6-40BD-899B-03E19F835BA6}.Release|Any CPU.Build.0 = Release|iPhone
		{86B0EE48-2AF6-40BD-899B-03E19F835BA6}.Release|Any CPU.Deploy.0 = Release|iPhone
		{86B0EE48-2AF6-40BD-899B-03E19F835BA6}.Release|iPhone.ActiveCfg = Release|iPhone
		{86B0EE48-2AF6-40BD-899B-03E19F835BA6}.Release|iPhone.Build.0 = Release|iPhone
		{86B0EE48-2AF6-40BD-899B-03E19F835BA6}.Release|iPhone.Deploy.0 = Release|iPhone
		{86B0EE48-2AF6-40BD-899B-03E19F835BA6}.Release|iPhoneSimulator.ActiveCfg = Release|iPhoneSimulator
		{86B0EE48-2AF6-40BD-899B-03E19F835BA6}.Release|iPhoneSimulator.Build.0 = Release|iPhoneSimulator
		{86B0EE48-2AF6-40BD-899B-03E19F835BA6}.Release|iPhoneSimulator.Deploy.0 = Release|iPhoneSimulator
		{3788418E-68A2-4FE9-95F4-D3BDADB2670C}.Debug|Any CPU.ActiveCfg = Debug|Any CPU
		{3788418E-68A2-4FE9-95F4-D3BDADB2670C}.Debug|Any CPU.Build.0 = Debug|Any CPU
		{3788418E-68A2-4FE9-95F4-D3BDADB2670C}.Debug|Any CPU.Deploy.0 = Debug|Any CPU
		{3788418E-68A2-4FE9-95F4-D3BDADB2670C}.Debug|iPhone.ActiveCfg = Debug|Any CPU
		{3788418E-68A2-4FE9-95F4-D3BDADB2670C}.Debug|iPhone.Build.0 = Debug|Any CPU
		{3788418E-68A2-4FE9-95F4-D3BDADB2670C}.Debug|iPhone.Deploy.0 = Debug|Any CPU
		{3788418E-68A2-4FE9-95F4-D3BDADB2670C}.Debug|iPhoneSimulator.ActiveCfg = Debug|Any CPU
		{3788418E-68A2-4FE9-95F4-D3BDADB2670C}.Debug|iPhoneSimulator.Build.0 = Debug|Any CPU
		{3788418E-68A2-4FE9-95F4-D3BDADB2670C}.Debug|iPhoneSimulator.Deploy.0 = Debug|Any CPU
		{3788418E-68A2-4FE9-95F4-D3BDADB2670C}.Release|Any CPU.ActiveCfg = Release|Any CPU
		{3788418E-68A2-4FE9-95F4-D3BDADB2670C}.Release|Any CPU.Build.0 = Release|Any CPU
		{3788418E-68A2-4FE9-95F4-D3BDADB2670C}.Release|Any CPU.Deploy.0 = Release|Any CPU
		{3788418E-68A2-4FE9-95F4-D3BDADB2670C}.Release|iPhone.ActiveCfg = Release|Any CPU
		{3788418E-68A2-4FE9-95F4-D3BDADB2670C}.Release|iPhone.Build.0 = Release|Any CPU
		{3788418E-68A2-4FE9-95F4-D3BDADB2670C}.Release|iPhone.Deploy.0 = Release|Any CPU
		{3788418E-68A2-4FE9-95F4-D3BDADB2670C}.Release|iPhoneSimulator.ActiveCfg = Release|Any CPU
		{3788418E-68A2-4FE9-95F4-D3BDADB2670C}.Release|iPhoneSimulator.Build.0 = Release|Any CPU
		{3788418E-68A2-4FE9-95F4-D3BDADB2670C}.Release|iPhoneSimulator.Deploy.0 = Release|Any CPU
	EndGlobalSection
	GlobalSection(SolutionProperties) = preSolution
		HideSolutionNode = FALSE
	EndGlobalSection
	GlobalSection(ExtensibilityGlobals) = postSolution
		SolutionGuid = {9930FFAA-6733-43F5-88D9-2BE01F2B4024}
	EndGlobalSection
EndGlobal
